
Microsoft Visual Studio Solution File, Format Version 12.00
# Visual Studio Version 17
VisualStudioVersion = 17.14.36429.23 d17.14
MinimumVisualStudioVersion = 10.0.40219.1
Project("{FAE04EC0-301F-11D3-BF4B-00C04F79EFBC}") = "WebApplication1", "WebApplication1.csproj", "{EA89E288-22CE-4F06-8FD0-103D1BCE560E}"
EndProject
Global
	GlobalSection(SolutionConfigurationPlatforms) = preSolution
		Debug|Any CPU = Debug|Any CPU
		Release|Any CPU = Release|Any CPU
	EndGlobalSection
	GlobalSection(ProjectConfigurationPlatforms) = postSolution
		{EA89E288-22CE-4F06-8FD0-103D1BCE560E}.Debug|Any CPU.ActiveCfg = Debug|Any CPU
		{EA89E288-22CE-4F06-8FD0-103D1BCE560E}.Debug|Any CPU.Build.0 = Debug|Any CPU
		{EA89E288-22CE-4F06-8FD0-103D1BCE560E}.Release|Any CPU.ActiveCfg = Release|Any CPU
		{EA89E288-22CE-4F06-8FD0-103D1BCE560E}.Release|Any CPU.Build.0 = Release|Any CPU
	EndGlobalSection
	GlobalSection(SolutionProperties) = preSolution
		HideSolutionNode = FALSE
	EndGlobalSection
	GlobalSection(ExtensibilityGlobals) = postSolution
		SolutionGuid = {375A4724-C646-4C53-8974-04E6C65B372D}
	EndGlobalSection
EndGlobal
